<?xml version="1.0" encoding="utf-8"?>
<Project ToolsVersion="4.0" xmlns="http://schemas.microsoft.com/developer/msbuild/2003">
  <ItemGroup>
    <Filter Include="Source Files">
      <UniqueIdentifier>{4FC737F1-C7A5-4376-A066-2A32D752A2FF}</UniqueIdentifier>
      <Extensions>cpp;c;cc;cxx;c++;cppm;ixx;def;odl;idl;hpj;bat;asm;asmx</Extensions>
    </Filter>
    <Filter Include="Header Files">
      <UniqueIdentifier>{93995380-89BD-4b04-88EB-625FBE52EBFB}</UniqueIdentifier>
      <Extensions>h;hh;hpp;hxx;h++;hm;inl;inc;ipp;xsd</Extensions>
    </Filter>
    <Filter Include="Resource Files">
      <UniqueIdentifier>{67DA6AB6-F800-4c08-8B7A-83BB121AAD01}</UniqueIdentifier>
      <Extensions>rc;ico;cur;bmp;dlg;rc2;rct;bin;rgs;gif;jpg;jpeg;jpe;resx;tiff;tif;png;wav;mfcribbon-ms</Extensions>
    </Filter>
    <Filter Include="Source Files\Shaders">
      <UniqueIdentifier>{73ef65e1-af83-4a6f-9ef0-74c9730fffb4}</UniqueIdentifier>
    </Filter>
    <Filter Include="Source Files\Shaders\VertexShaders">
      <UniqueIdentifier>{c8d8bf7b-5620-42f3-b8c5-bfe6b3d39867}</UniqueIdentifier>
    </Filter>
    <Filter Include="Source Files\Shaders\FragmentShaders">
      <UniqueIdentifier>{457483ec-4f67-46a5-b65b-83079e012ec2}</UniqueIdentifier>
    </Filter>
  </ItemGroup>
  <ItemGroup>
    <ClCompile Include="Main.cpp">
      <Filter>Source Files</Filter>
    </ClCompile>
    <ClCompile Include="..\..\..\Includes\OpenGL Related\glad\src\glad.c">
      <Filter>Source Files</Filter>
    </ClCompile>
    <ClCompile Include="ShaderCompiler.cpp">
      <Filter>Source Files\Shaders</Filter>
    </ClCompile>
  </ItemGroup>
  <ItemGroup>
    <ClInclude Include="ShaderCompiler.h">
      <Filter>Source Files\Shaders</Filter>
    </ClInclude>
  </ItemGroup>
  <ItemGroup>
    <None Include="PassthroughVertexShader.glsl">
      <Filter>Source Files\Shaders\VertexShaders</Filter>
    </None>
    <None Include="PurpleFragmentShader.glsl">
      <Filter>Source Files\Shaders\FragmentShaders</Filter>
    </None>
  </ItemGroup>
</Project>